
Microsoft Visual Studio Solution File, Format Version 12.00
# Visual Studio Version 17
VisualStudioVersion = 17.6.33815.320
MinimumVisualStudioVersion = 10.0.40219.1
Project("{FAE04EC0-301F-11D3-BF4B-00C04F79EFBC}") = "LambdaExam", "LambdaExam\LambdaExam.csproj", "{6ED74B75-B16F-46DC-BD0A-E7129BBB4293}"
EndProject
Global
	GlobalSection(SolutionConfigurationPlatforms) = preSolution
		Debug|Any CPU = Debug|Any CPU
		Release|Any CPU = Release|Any CPU
	EndGlobalSection
	GlobalSection(ProjectConfigurationPlatforms) = postSolution
		{6ED74B75-B16F-46DC-BD0A-E7129BBB4293}.Debug|Any CPU.ActiveCfg = Debug|Any CPU
		{6ED74B75-B16F-46DC-BD0A-E7129BBB4293}.Debug|Any CPU.Build.0 = Debug|Any CPU
		{6ED74B75-B16F-46DC-BD0A-E7129BBB4293}.Release|Any CPU.ActiveCfg = Release|Any CPU
		{6ED74B75-B16F-46DC-BD0A-E7129BBB4293}.Release|Any CPU.Build.0 = Release|Any CPU
	EndGlobalSection
	GlobalSection(SolutionProperties) = preSolution
		HideSolutionNode = FALSE
	EndGlobalSection
	GlobalSection(ExtensibilityGlobals) = postSolution
		SolutionGuid = {4B659BFE-D4BE-4344-AFF2-5F647E6D529E}
	EndGlobalSection
EndGlobal
