
Microsoft Visual Studio Solution File, Format Version 12.00
# Visual Studio Version 17
VisualStudioVersion = 17.6.33815.320
MinimumVisualStudioVersion = 10.0.40219.1
Project("{FAE04EC0-301F-11D3-BF4B-00C04F79EFBC}") = "Empty_core", "Empty_core.csproj", "{1DF155BE-7E2B-472D-9391-D19FEB4C80EA}"
EndProject
Global
	GlobalSection(SolutionConfigurationPlatforms) = preSolution
		Debug|Any CPU = Debug|Any CPU
		Release|Any CPU = Release|Any CPU
	EndGlobalSection
	GlobalSection(ProjectConfigurationPlatforms) = postSolution
		{1DF155BE-7E2B-472D-9391-D19FEB4C80EA}.Debug|Any CPU.ActiveCfg = Debug|Any CPU
		{1DF155BE-7E2B-472D-9391-D19FEB4C80EA}.Debug|Any CPU.Build.0 = Debug|Any CPU
		{1DF155BE-7E2B-472D-9391-D19FEB4C80EA}.Release|Any CPU.ActiveCfg = Release|Any CPU
		{1DF155BE-7E2B-472D-9391-D19FEB4C80EA}.Release|Any CPU.Build.0 = Release|Any CPU
	EndGlobalSection
	GlobalSection(SolutionProperties) = preSolution
		HideSolutionNode = FALSE
	EndGlobalSection
	GlobalSection(ExtensibilityGlobals) = postSolution
		SolutionGuid = {CB0434A7-48A2-4CA8-963B-F6CCC3D7E6AC}
	EndGlobalSection
EndGlobal
