
Microsoft Visual Studio Solution File, Format Version 12.00
# Visual Studio Version 17
VisualStudioVersion = 17.6.33815.320
MinimumVisualStudioVersion = 10.0.40219.1
Project("{FAE04EC0-301F-11D3-BF4B-00C04F79EFBC}") = "Except02", "Except02\Except02.csproj", "{CD21C00E-D027-427B-AAC7-7CE6EFA0A73C}"
EndProject
Global
	GlobalSection(SolutionConfigurationPlatforms) = preSolution
		Debug|Any CPU = Debug|Any CPU
		Release|Any CPU = Release|Any CPU
	EndGlobalSection
	GlobalSection(ProjectConfigurationPlatforms) = postSolution
		{CD21C00E-D027-427B-AAC7-7CE6EFA0A73C}.Debug|Any CPU.ActiveCfg = Debug|Any CPU
		{CD21C00E-D027-427B-AAC7-7CE6EFA0A73C}.Debug|Any CPU.Build.0 = Debug|Any CPU
		{CD21C00E-D027-427B-AAC7-7CE6EFA0A73C}.Release|Any CPU.ActiveCfg = Release|Any CPU
		{CD21C00E-D027-427B-AAC7-7CE6EFA0A73C}.Release|Any CPU.Build.0 = Release|Any CPU
	EndGlobalSection
	GlobalSection(SolutionProperties) = preSolution
		HideSolutionNode = FALSE
	EndGlobalSection
	GlobalSection(ExtensibilityGlobals) = postSolution
		SolutionGuid = {381C4D6B-E119-4968-B9F8-7DFE9AF601DA}
	EndGlobalSection
EndGlobal
