
Microsoft Visual Studio Solution File, Format Version 12.00
# Visual Studio Version 17
VisualStudioVersion = 17.6.33815.320
MinimumVisualStudioVersion = 10.0.40219.1
Project("{FAE04EC0-301F-11D3-BF4B-00C04F79EFBC}") = "Quiz01", "Quiz01.csproj", "{3E803F1A-AB3A-4479-AE14-42F4F818E595}"
EndProject
Global
	GlobalSection(SolutionConfigurationPlatforms) = preSolution
		Debug|Any CPU = Debug|Any CPU
		Release|Any CPU = Release|Any CPU
	EndGlobalSection
	GlobalSection(ProjectConfigurationPlatforms) = postSolution
		{3E803F1A-AB3A-4479-AE14-42F4F818E595}.Debug|Any CPU.ActiveCfg = Debug|Any CPU
		{3E803F1A-AB3A-4479-AE14-42F4F818E595}.Debug|Any CPU.Build.0 = Debug|Any CPU
		{3E803F1A-AB3A-4479-AE14-42F4F818E595}.Release|Any CPU.ActiveCfg = Release|Any CPU
		{3E803F1A-AB3A-4479-AE14-42F4F818E595}.Release|Any CPU.Build.0 = Release|Any CPU
	EndGlobalSection
	GlobalSection(SolutionProperties) = preSolution
		HideSolutionNode = FALSE
	EndGlobalSection
	GlobalSection(ExtensibilityGlobals) = postSolution
		SolutionGuid = {9942B032-9BD1-4A9A-8513-F04AF91C8CD0}
	EndGlobalSection
EndGlobal
