
Microsoft Visual Studio Solution File, Format Version 12.00
# Visual Studio Version 17
VisualStudioVersion = 17.6.33815.320
MinimumVisualStudioVersion = 10.0.40219.1
Project("{FAE04EC0-301F-11D3-BF4B-00C04F79EFBC}") = "ConsoleApp1", "ConsoleApp1\ConsoleApp1.csproj", "{1BEC8953-AEE0-4C72-94A9-55C479106697}"
EndProject
Global
	GlobalSection(SolutionConfigurationPlatforms) = preSolution
		Debug|Any CPU = Debug|Any CPU
		Release|Any CPU = Release|Any CPU
	EndGlobalSection
	GlobalSection(ProjectConfigurationPlatforms) = postSolution
		{1BEC8953-AEE0-4C72-94A9-55C479106697}.Debug|Any CPU.ActiveCfg = Debug|Any CPU
		{1BEC8953-AEE0-4C72-94A9-55C479106697}.Debug|Any CPU.Build.0 = Debug|Any CPU
		{1BEC8953-AEE0-4C72-94A9-55C479106697}.Release|Any CPU.ActiveCfg = Release|Any CPU
		{1BEC8953-AEE0-4C72-94A9-55C479106697}.Release|Any CPU.Build.0 = Release|Any CPU
	EndGlobalSection
	GlobalSection(SolutionProperties) = preSolution
		HideSolutionNode = FALSE
	EndGlobalSection
	GlobalSection(ExtensibilityGlobals) = postSolution
		SolutionGuid = {FCA3F3F7-0DE0-4FFE-B25E-73FFA6154AC4}
	EndGlobalSection
EndGlobal
