
Microsoft Visual Studio Solution File, Format Version 12.00
# Visual Studio Version 17
VisualStudioVersion = 17.6.33815.320
MinimumVisualStudioVersion = 10.0.40219.1
Project("{FAE04EC0-301F-11D3-BF4B-00C04F79EFBC}") = "RPG_Game", "RPG_Game\RPG_Game.csproj", "{7B17C1EE-B439-40BA-9221-561CA67A985D}"
EndProject
Global
	GlobalSection(SolutionConfigurationPlatforms) = preSolution
		Debug|Any CPU = Debug|Any CPU
		Release|Any CPU = Release|Any CPU
	EndGlobalSection
	GlobalSection(ProjectConfigurationPlatforms) = postSolution
		{7B17C1EE-B439-40BA-9221-561CA67A985D}.Debug|Any CPU.ActiveCfg = Debug|Any CPU
		{7B17C1EE-B439-40BA-9221-561CA67A985D}.Debug|Any CPU.Build.0 = Debug|Any CPU
		{7B17C1EE-B439-40BA-9221-561CA67A985D}.Release|Any CPU.ActiveCfg = Release|Any CPU
		{7B17C1EE-B439-40BA-9221-561CA67A985D}.Release|Any CPU.Build.0 = Release|Any CPU
	EndGlobalSection
	GlobalSection(SolutionProperties) = preSolution
		HideSolutionNode = FALSE
	EndGlobalSection
	GlobalSection(ExtensibilityGlobals) = postSolution
		SolutionGuid = {E29BE684-9882-4379-9C36-D250C8B27459}
	EndGlobalSection
EndGlobal
