
Microsoft Visual Studio Solution File, Format Version 12.00
# Visual Studio Version 17
VisualStudioVersion = 17.6.33815.320
MinimumVisualStudioVersion = 10.0.40219.1
Project("{FAE04EC0-301F-11D3-BF4B-00C04F79EFBC}") = "Quiz02", "Quiz02\Quiz02.csproj", "{D20F4E2A-DEC3-49C0-997F-516FE4F2A175}"
EndProject
Global
	GlobalSection(SolutionConfigurationPlatforms) = preSolution
		Debug|Any CPU = Debug|Any CPU
		Release|Any CPU = Release|Any CPU
	EndGlobalSection
	GlobalSection(ProjectConfigurationPlatforms) = postSolution
		{D20F4E2A-DEC3-49C0-997F-516FE4F2A175}.Debug|Any CPU.ActiveCfg = Debug|Any CPU
		{D20F4E2A-DEC3-49C0-997F-516FE4F2A175}.Debug|Any CPU.Build.0 = Debug|Any CPU
		{D20F4E2A-DEC3-49C0-997F-516FE4F2A175}.Release|Any CPU.ActiveCfg = Release|Any CPU
		{D20F4E2A-DEC3-49C0-997F-516FE4F2A175}.Release|Any CPU.Build.0 = Release|Any CPU
	EndGlobalSection
	GlobalSection(SolutionProperties) = preSolution
		HideSolutionNode = FALSE
	EndGlobalSection
	GlobalSection(ExtensibilityGlobals) = postSolution
		SolutionGuid = {D06E48D1-13A7-4895-9896-C2306609B186}
	EndGlobalSection
EndGlobal
