
Microsoft Visual Studio Solution File, Format Version 12.00
# Visual Studio Version 17
VisualStudioVersion = 17.6.33815.320
MinimumVisualStudioVersion = 10.0.40219.1
Project("{FAE04EC0-301F-11D3-BF4B-00C04F79EFBC}") = "SimpleLambda", "SimpleLambda\SimpleLambda.csproj", "{71031104-FA11-4567-B6CC-53752C3AEF22}"
EndProject
Global
	GlobalSection(SolutionConfigurationPlatforms) = preSolution
		Debug|Any CPU = Debug|Any CPU
		Release|Any CPU = Release|Any CPU
	EndGlobalSection
	GlobalSection(ProjectConfigurationPlatforms) = postSolution
		{71031104-FA11-4567-B6CC-53752C3AEF22}.Debug|Any CPU.ActiveCfg = Debug|Any CPU
		{71031104-FA11-4567-B6CC-53752C3AEF22}.Debug|Any CPU.Build.0 = Debug|Any CPU
		{71031104-FA11-4567-B6CC-53752C3AEF22}.Release|Any CPU.ActiveCfg = Release|Any CPU
		{71031104-FA11-4567-B6CC-53752C3AEF22}.Release|Any CPU.Build.0 = Release|Any CPU
	EndGlobalSection
	GlobalSection(SolutionProperties) = preSolution
		HideSolutionNode = FALSE
	EndGlobalSection
	GlobalSection(ExtensibilityGlobals) = postSolution
		SolutionGuid = {235B5449-6826-48AD-900B-089848800AB3}
	EndGlobalSection
EndGlobal
