
Microsoft Visual Studio Solution File, Format Version 12.00
# Visual Studio Version 17
VisualStudioVersion = 17.6.33815.320
MinimumVisualStudioVersion = 10.0.40219.1
Project("{FAE04EC0-301F-11D3-BF4B-00C04F79EFBC}") = "MethodTest01", "MethodTest01\MethodTest01.csproj", "{BC9EE1A7-DB74-4144-928D-9AB5CD3B01FB}"
EndProject
Global
	GlobalSection(SolutionConfigurationPlatforms) = preSolution
		Debug|Any CPU = Debug|Any CPU
		Release|Any CPU = Release|Any CPU
	EndGlobalSection
	GlobalSection(ProjectConfigurationPlatforms) = postSolution
		{BC9EE1A7-DB74-4144-928D-9AB5CD3B01FB}.Debug|Any CPU.ActiveCfg = Debug|Any CPU
		{BC9EE1A7-DB74-4144-928D-9AB5CD3B01FB}.Debug|Any CPU.Build.0 = Debug|Any CPU
		{BC9EE1A7-DB74-4144-928D-9AB5CD3B01FB}.Release|Any CPU.ActiveCfg = Release|Any CPU
		{BC9EE1A7-DB74-4144-928D-9AB5CD3B01FB}.Release|Any CPU.Build.0 = Release|Any CPU
	EndGlobalSection
	GlobalSection(SolutionProperties) = preSolution
		HideSolutionNode = FALSE
	EndGlobalSection
	GlobalSection(ExtensibilityGlobals) = postSolution
		SolutionGuid = {30823A53-8076-4401-835C-92612DCC8200}
	EndGlobalSection
EndGlobal
