
Microsoft Visual Studio Solution File, Format Version 12.00
# Visual Studio Version 17
VisualStudioVersion = 17.6.33815.320
MinimumVisualStudioVersion = 10.0.40219.1
Project("{FAE04EC0-301F-11D3-BF4B-00C04F79EFBC}") = "MyApp01", "MyApp01\MyApp01.csproj", "{BC31D8C2-8427-410D-BEB7-9A99D97F39AD}"
EndProject
Global
	GlobalSection(SolutionConfigurationPlatforms) = preSolution
		Debug|Any CPU = Debug|Any CPU
		Release|Any CPU = Release|Any CPU
	EndGlobalSection
	GlobalSection(ProjectConfigurationPlatforms) = postSolution
		{BC31D8C2-8427-410D-BEB7-9A99D97F39AD}.Debug|Any CPU.ActiveCfg = Debug|Any CPU
		{BC31D8C2-8427-410D-BEB7-9A99D97F39AD}.Debug|Any CPU.Build.0 = Debug|Any CPU
		{BC31D8C2-8427-410D-BEB7-9A99D97F39AD}.Release|Any CPU.ActiveCfg = Release|Any CPU
		{BC31D8C2-8427-410D-BEB7-9A99D97F39AD}.Release|Any CPU.Build.0 = Release|Any CPU
	EndGlobalSection
	GlobalSection(SolutionProperties) = preSolution
		HideSolutionNode = FALSE
	EndGlobalSection
	GlobalSection(ExtensibilityGlobals) = postSolution
		SolutionGuid = {899E6BA9-60B8-472F-8E70-0EBCA8B74834}
	EndGlobalSection
EndGlobal
