
Microsoft Visual Studio Solution File, Format Version 12.00
# Visual Studio Version 17
VisualStudioVersion = 17.6.33815.320
MinimumVisualStudioVersion = 10.0.40219.1
Project("{FAE04EC0-301F-11D3-BF4B-00C04F79EFBC}") = "Annonymous01", "Annonymous01\Annonymous01.csproj", "{74B08221-1FAD-4797-981B-2E203F775A18}"
EndProject
Global
	GlobalSection(SolutionConfigurationPlatforms) = preSolution
		Debug|Any CPU = Debug|Any CPU
		Release|Any CPU = Release|Any CPU
	EndGlobalSection
	GlobalSection(ProjectConfigurationPlatforms) = postSolution
		{74B08221-1FAD-4797-981B-2E203F775A18}.Debug|Any CPU.ActiveCfg = Debug|Any CPU
		{74B08221-1FAD-4797-981B-2E203F775A18}.Debug|Any CPU.Build.0 = Debug|Any CPU
		{74B08221-1FAD-4797-981B-2E203F775A18}.Release|Any CPU.ActiveCfg = Release|Any CPU
		{74B08221-1FAD-4797-981B-2E203F775A18}.Release|Any CPU.Build.0 = Release|Any CPU
	EndGlobalSection
	GlobalSection(SolutionProperties) = preSolution
		HideSolutionNode = FALSE
	EndGlobalSection
	GlobalSection(ExtensibilityGlobals) = postSolution
		SolutionGuid = {7645E1AF-AD62-4195-9E6B-760F98353858}
	EndGlobalSection
EndGlobal
