
Microsoft Visual Studio Solution File, Format Version 12.00
# Visual Studio Version 17
VisualStudioVersion = 17.6.33815.320
MinimumVisualStudioVersion = 10.0.40219.1
Project("{FAE04EC0-301F-11D3-BF4B-00C04F79EFBC}") = "Exam_74p_04", "Exam_74p_04\Exam_74p_04.csproj", "{A5F5FCF0-EA7B-472F-9AF0-3A3D34437442}"
EndProject
Global
	GlobalSection(SolutionConfigurationPlatforms) = preSolution
		Debug|Any CPU = Debug|Any CPU
		Release|Any CPU = Release|Any CPU
	EndGlobalSection
	GlobalSection(ProjectConfigurationPlatforms) = postSolution
		{A5F5FCF0-EA7B-472F-9AF0-3A3D34437442}.Debug|Any CPU.ActiveCfg = Debug|Any CPU
		{A5F5FCF0-EA7B-472F-9AF0-3A3D34437442}.Debug|Any CPU.Build.0 = Debug|Any CPU
		{A5F5FCF0-EA7B-472F-9AF0-3A3D34437442}.Release|Any CPU.ActiveCfg = Release|Any CPU
		{A5F5FCF0-EA7B-472F-9AF0-3A3D34437442}.Release|Any CPU.Build.0 = Release|Any CPU
	EndGlobalSection
	GlobalSection(SolutionProperties) = preSolution
		HideSolutionNode = FALSE
	EndGlobalSection
	GlobalSection(ExtensibilityGlobals) = postSolution
		SolutionGuid = {86DB7ACE-179A-4B91-AA3E-AE97E4A44ED1}
	EndGlobalSection
EndGlobal
