
Microsoft Visual Studio Solution File, Format Version 12.00
# Visual Studio Version 17
VisualStudioVersion = 17.6.33815.320
MinimumVisualStudioVersion = 10.0.40219.1
Project("{FAE04EC0-301F-11D3-BF4B-00C04F79EFBC}") = "Array02", "Array02\Array02.csproj", "{37DC59E7-0CAF-4F8D-9E61-539A8450F298}"
EndProject
Global
	GlobalSection(SolutionConfigurationPlatforms) = preSolution
		Debug|Any CPU = Debug|Any CPU
		Release|Any CPU = Release|Any CPU
	EndGlobalSection
	GlobalSection(ProjectConfigurationPlatforms) = postSolution
		{37DC59E7-0CAF-4F8D-9E61-539A8450F298}.Debug|Any CPU.ActiveCfg = Debug|Any CPU
		{37DC59E7-0CAF-4F8D-9E61-539A8450F298}.Debug|Any CPU.Build.0 = Debug|Any CPU
		{37DC59E7-0CAF-4F8D-9E61-539A8450F298}.Release|Any CPU.ActiveCfg = Release|Any CPU
		{37DC59E7-0CAF-4F8D-9E61-539A8450F298}.Release|Any CPU.Build.0 = Release|Any CPU
	EndGlobalSection
	GlobalSection(SolutionProperties) = preSolution
		HideSolutionNode = FALSE
	EndGlobalSection
	GlobalSection(ExtensibilityGlobals) = postSolution
		SolutionGuid = {56702962-C8C8-47DA-8518-E682928373C5}
	EndGlobalSection
EndGlobal
