
Microsoft Visual Studio Solution File, Format Version 12.00
# Visual Studio Version 17
VisualStudioVersion = 17.6.33815.320
MinimumVisualStudioVersion = 10.0.40219.1
Project("{FAE04EC0-301F-11D3-BF4B-00C04F79EFBC}") = "Exam_88p", "Exam_88p\Exam_88p.csproj", "{11799B96-DCC8-4037-940A-73DF3EF154D1}"
EndProject
Global
	GlobalSection(SolutionConfigurationPlatforms) = preSolution
		Debug|Any CPU = Debug|Any CPU
		Release|Any CPU = Release|Any CPU
	EndGlobalSection
	GlobalSection(ProjectConfigurationPlatforms) = postSolution
		{11799B96-DCC8-4037-940A-73DF3EF154D1}.Debug|Any CPU.ActiveCfg = Debug|Any CPU
		{11799B96-DCC8-4037-940A-73DF3EF154D1}.Debug|Any CPU.Build.0 = Debug|Any CPU
		{11799B96-DCC8-4037-940A-73DF3EF154D1}.Release|Any CPU.ActiveCfg = Release|Any CPU
		{11799B96-DCC8-4037-940A-73DF3EF154D1}.Release|Any CPU.Build.0 = Release|Any CPU
	EndGlobalSection
	GlobalSection(SolutionProperties) = preSolution
		HideSolutionNode = FALSE
	EndGlobalSection
	GlobalSection(ExtensibilityGlobals) = postSolution
		SolutionGuid = {1A35325A-9A3B-4BAC-AEA6-CDECF22B7205}
	EndGlobalSection
EndGlobal
