
Microsoft Visual Studio Solution File, Format Version 12.00
# Visual Studio Version 17
VisualStudioVersion = 17.6.33815.320
MinimumVisualStudioVersion = 10.0.40219.1
Project("{FAE04EC0-301F-11D3-BF4B-00C04F79EFBC}") = "FormApp01", "FormApp01\FormApp01.csproj", "{3FA49F82-9F76-4D54-951C-6B5FCF0563BC}"
EndProject
Global
	GlobalSection(SolutionConfigurationPlatforms) = preSolution
		Debug|Any CPU = Debug|Any CPU
		Release|Any CPU = Release|Any CPU
	EndGlobalSection
	GlobalSection(ProjectConfigurationPlatforms) = postSolution
		{3FA49F82-9F76-4D54-951C-6B5FCF0563BC}.Debug|Any CPU.ActiveCfg = Debug|Any CPU
		{3FA49F82-9F76-4D54-951C-6B5FCF0563BC}.Debug|Any CPU.Build.0 = Debug|Any CPU
		{3FA49F82-9F76-4D54-951C-6B5FCF0563BC}.Release|Any CPU.ActiveCfg = Release|Any CPU
		{3FA49F82-9F76-4D54-951C-6B5FCF0563BC}.Release|Any CPU.Build.0 = Release|Any CPU
	EndGlobalSection
	GlobalSection(SolutionProperties) = preSolution
		HideSolutionNode = FALSE
	EndGlobalSection
	GlobalSection(ExtensibilityGlobals) = postSolution
		SolutionGuid = {BAE9B9A4-4A72-4AE0-BF91-B5DEAF8E2DEC}
	EndGlobalSection
EndGlobal
