
Microsoft Visual Studio Solution File, Format Version 12.00
# Visual Studio Version 17
VisualStudioVersion = 17.6.33815.320
MinimumVisualStudioVersion = 10.0.40219.1
Project("{FAE04EC0-301F-11D3-BF4B-00C04F79EFBC}") = "CTS", "CTS\CTS.csproj", "{559369D8-3B37-4C4D-8CB5-F9BFD2483F4C}"
EndProject
Global
	GlobalSection(SolutionConfigurationPlatforms) = preSolution
		Debug|Any CPU = Debug|Any CPU
		Release|Any CPU = Release|Any CPU
	EndGlobalSection
	GlobalSection(ProjectConfigurationPlatforms) = postSolution
		{559369D8-3B37-4C4D-8CB5-F9BFD2483F4C}.Debug|Any CPU.ActiveCfg = Debug|Any CPU
		{559369D8-3B37-4C4D-8CB5-F9BFD2483F4C}.Debug|Any CPU.Build.0 = Debug|Any CPU
		{559369D8-3B37-4C4D-8CB5-F9BFD2483F4C}.Release|Any CPU.ActiveCfg = Release|Any CPU
		{559369D8-3B37-4C4D-8CB5-F9BFD2483F4C}.Release|Any CPU.Build.0 = Release|Any CPU
	EndGlobalSection
	GlobalSection(SolutionProperties) = preSolution
		HideSolutionNode = FALSE
	EndGlobalSection
	GlobalSection(ExtensibilityGlobals) = postSolution
		SolutionGuid = {E3442A1D-3014-41C2-B1CD-BA3248107C48}
	EndGlobalSection
EndGlobal
