
Microsoft Visual Studio Solution File, Format Version 12.00
# Visual Studio Version 17
VisualStudioVersion = 17.6.33815.320
MinimumVisualStudioVersion = 10.0.40219.1
Project("{FAE04EC0-301F-11D3-BF4B-00C04F79EFBC}") = "OOP09", "OOP09\OOP09.csproj", "{56F9A5F5-1F99-484D-81EC-96D42A692D7B}"
EndProject
Global
	GlobalSection(SolutionConfigurationPlatforms) = preSolution
		Debug|Any CPU = Debug|Any CPU
		Release|Any CPU = Release|Any CPU
	EndGlobalSection
	GlobalSection(ProjectConfigurationPlatforms) = postSolution
		{56F9A5F5-1F99-484D-81EC-96D42A692D7B}.Debug|Any CPU.ActiveCfg = Debug|Any CPU
		{56F9A5F5-1F99-484D-81EC-96D42A692D7B}.Debug|Any CPU.Build.0 = Debug|Any CPU
		{56F9A5F5-1F99-484D-81EC-96D42A692D7B}.Release|Any CPU.ActiveCfg = Release|Any CPU
		{56F9A5F5-1F99-484D-81EC-96D42A692D7B}.Release|Any CPU.Build.0 = Release|Any CPU
	EndGlobalSection
	GlobalSection(SolutionProperties) = preSolution
		HideSolutionNode = FALSE
	EndGlobalSection
	GlobalSection(ExtensibilityGlobals) = postSolution
		SolutionGuid = {F9AC8602-0809-403F-B268-F131CF7E316A}
	EndGlobalSection
EndGlobal
