
Microsoft Visual Studio Solution File, Format Version 12.00
# Visual Studio Version 17
VisualStudioVersion = 17.7.34031.279
MinimumVisualStudioVersion = 10.0.40219.1
Project("{FAE04EC0-301F-11D3-BF4B-00C04F79EFBC}") = "testtest", "testtest.csproj", "{DC0F0AE3-4CD5-4076-9840-60B43779C4DE}"
EndProject
Global
	GlobalSection(SolutionConfigurationPlatforms) = preSolution
		Debug|Any CPU = Debug|Any CPU
		Release|Any CPU = Release|Any CPU
	EndGlobalSection
	GlobalSection(ProjectConfigurationPlatforms) = postSolution
		{DC0F0AE3-4CD5-4076-9840-60B43779C4DE}.Debug|Any CPU.ActiveCfg = Debug|Any CPU
		{DC0F0AE3-4CD5-4076-9840-60B43779C4DE}.Debug|Any CPU.Build.0 = Debug|Any CPU
		{DC0F0AE3-4CD5-4076-9840-60B43779C4DE}.Release|Any CPU.ActiveCfg = Release|Any CPU
		{DC0F0AE3-4CD5-4076-9840-60B43779C4DE}.Release|Any CPU.Build.0 = Release|Any CPU
	EndGlobalSection
	GlobalSection(SolutionProperties) = preSolution
		HideSolutionNode = FALSE
	EndGlobalSection
	GlobalSection(ExtensibilityGlobals) = postSolution
		SolutionGuid = {B7421DAC-B7E4-49AB-9DEE-B89630EAA5C1}
	EndGlobalSection
EndGlobal
