
Microsoft Visual Studio Solution File, Format Version 12.00
# Visual Studio Version 17
VisualStudioVersion = 17.6.33815.320
MinimumVisualStudioVersion = 10.0.40219.1
Project("{FAE04EC0-301F-11D3-BF4B-00C04F79EFBC}") = "MoreOnArray", "MoreOnArray\MoreOnArray.csproj", "{8AEEDD49-6D4B-44DA-B794-96779356C1AB}"
EndProject
Global
	GlobalSection(SolutionConfigurationPlatforms) = preSolution
		Debug|Any CPU = Debug|Any CPU
		Release|Any CPU = Release|Any CPU
	EndGlobalSection
	GlobalSection(ProjectConfigurationPlatforms) = postSolution
		{8AEEDD49-6D4B-44DA-B794-96779356C1AB}.Debug|Any CPU.ActiveCfg = Debug|Any CPU
		{8AEEDD49-6D4B-44DA-B794-96779356C1AB}.Debug|Any CPU.Build.0 = Debug|Any CPU
		{8AEEDD49-6D4B-44DA-B794-96779356C1AB}.Release|Any CPU.ActiveCfg = Release|Any CPU
		{8AEEDD49-6D4B-44DA-B794-96779356C1AB}.Release|Any CPU.Build.0 = Release|Any CPU
	EndGlobalSection
	GlobalSection(SolutionProperties) = preSolution
		HideSolutionNode = FALSE
	EndGlobalSection
	GlobalSection(ExtensibilityGlobals) = postSolution
		SolutionGuid = {F1B7B76E-B23E-4A64-8C8A-3E52EF12990B}
	EndGlobalSection
EndGlobal
