
Microsoft Visual Studio Solution File, Format Version 12.00
# Visual Studio Version 17
VisualStudioVersion = 17.6.33815.320
MinimumVisualStudioVersion = 10.0.40219.1
Project("{FAE04EC0-301F-11D3-BF4B-00C04F79EFBC}") = "SiteQuiz006", "SiteQuiz006\SiteQuiz006.csproj", "{FE50FEEA-5854-4615-A513-FFB7799E2EFF}"
EndProject
Global
	GlobalSection(SolutionConfigurationPlatforms) = preSolution
		Debug|Any CPU = Debug|Any CPU
		Release|Any CPU = Release|Any CPU
	EndGlobalSection
	GlobalSection(ProjectConfigurationPlatforms) = postSolution
		{FE50FEEA-5854-4615-A513-FFB7799E2EFF}.Debug|Any CPU.ActiveCfg = Debug|Any CPU
		{FE50FEEA-5854-4615-A513-FFB7799E2EFF}.Debug|Any CPU.Build.0 = Debug|Any CPU
		{FE50FEEA-5854-4615-A513-FFB7799E2EFF}.Release|Any CPU.ActiveCfg = Release|Any CPU
		{FE50FEEA-5854-4615-A513-FFB7799E2EFF}.Release|Any CPU.Build.0 = Release|Any CPU
	EndGlobalSection
	GlobalSection(SolutionProperties) = preSolution
		HideSolutionNode = FALSE
	EndGlobalSection
	GlobalSection(ExtensibilityGlobals) = postSolution
		SolutionGuid = {E3A64E83-EF9D-415C-A286-4EFE80B54A63}
	EndGlobalSection
EndGlobal
