
Microsoft Visual Studio Solution File, Format Version 12.00
# Visual Studio Version 17
VisualStudioVersion = 17.6.33815.320
MinimumVisualStudioVersion = 10.0.40219.1
Project("{FAE04EC0-301F-11D3-BF4B-00C04F79EFBC}") = "SimpleTCPFileServer", "SimpleTCPFileServer\SimpleTCPFileServer.csproj", "{27B651CA-CDCD-4FA7-861A-51B4CC2F6344}"
EndProject
Global
	GlobalSection(SolutionConfigurationPlatforms) = preSolution
		Debug|Any CPU = Debug|Any CPU
		Release|Any CPU = Release|Any CPU
	EndGlobalSection
	GlobalSection(ProjectConfigurationPlatforms) = postSolution
		{27B651CA-CDCD-4FA7-861A-51B4CC2F6344}.Debug|Any CPU.ActiveCfg = Debug|Any CPU
		{27B651CA-CDCD-4FA7-861A-51B4CC2F6344}.Debug|Any CPU.Build.0 = Debug|Any CPU
		{27B651CA-CDCD-4FA7-861A-51B4CC2F6344}.Release|Any CPU.ActiveCfg = Release|Any CPU
		{27B651CA-CDCD-4FA7-861A-51B4CC2F6344}.Release|Any CPU.Build.0 = Release|Any CPU
	EndGlobalSection
	GlobalSection(SolutionProperties) = preSolution
		HideSolutionNode = FALSE
	EndGlobalSection
	GlobalSection(ExtensibilityGlobals) = postSolution
		SolutionGuid = {0A99EF6A-D0EF-447B-B87B-5F4C4CED9503}
	EndGlobalSection
EndGlobal
