
Microsoft Visual Studio Solution File, Format Version 12.00
# Visual Studio Version 17
VisualStudioVersion = 17.6.33815.320
MinimumVisualStudioVersion = 10.0.40219.1
Project("{FAE04EC0-301F-11D3-BF4B-00C04F79EFBC}") = "SimpleWindow2", "SimpleWindow2\SimpleWindow2.csproj", "{2DF54A06-46AE-4C97-ADD3-E969D4376AB1}"
EndProject
Global
	GlobalSection(SolutionConfigurationPlatforms) = preSolution
		Debug|Any CPU = Debug|Any CPU
		Release|Any CPU = Release|Any CPU
	EndGlobalSection
	GlobalSection(ProjectConfigurationPlatforms) = postSolution
		{2DF54A06-46AE-4C97-ADD3-E969D4376AB1}.Debug|Any CPU.ActiveCfg = Debug|Any CPU
		{2DF54A06-46AE-4C97-ADD3-E969D4376AB1}.Debug|Any CPU.Build.0 = Debug|Any CPU
		{2DF54A06-46AE-4C97-ADD3-E969D4376AB1}.Release|Any CPU.ActiveCfg = Release|Any CPU
		{2DF54A06-46AE-4C97-ADD3-E969D4376AB1}.Release|Any CPU.Build.0 = Release|Any CPU
	EndGlobalSection
	GlobalSection(SolutionProperties) = preSolution
		HideSolutionNode = FALSE
	EndGlobalSection
	GlobalSection(ExtensibilityGlobals) = postSolution
		SolutionGuid = {405B58E8-EA9D-4333-9088-2177726FD21F}
	EndGlobalSection
EndGlobal
