
Microsoft Visual Studio Solution File, Format Version 12.00
# Visual Studio Version 17
VisualStudioVersion = 17.6.33815.320
MinimumVisualStudioVersion = 10.0.40219.1
Project("{FAE04EC0-301F-11D3-BF4B-00C04F79EFBC}") = "Site_01", "Site_01.csproj", "{D08770E8-5295-4E3F-9A8A-32080C05C32D}"
EndProject
Global
	GlobalSection(SolutionConfigurationPlatforms) = preSolution
		Debug|Any CPU = Debug|Any CPU
		Release|Any CPU = Release|Any CPU
	EndGlobalSection
	GlobalSection(ProjectConfigurationPlatforms) = postSolution
		{D08770E8-5295-4E3F-9A8A-32080C05C32D}.Debug|Any CPU.ActiveCfg = Debug|Any CPU
		{D08770E8-5295-4E3F-9A8A-32080C05C32D}.Debug|Any CPU.Build.0 = Debug|Any CPU
		{D08770E8-5295-4E3F-9A8A-32080C05C32D}.Release|Any CPU.ActiveCfg = Release|Any CPU
		{D08770E8-5295-4E3F-9A8A-32080C05C32D}.Release|Any CPU.Build.0 = Release|Any CPU
	EndGlobalSection
	GlobalSection(SolutionProperties) = preSolution
		HideSolutionNode = FALSE
	EndGlobalSection
	GlobalSection(ExtensibilityGlobals) = postSolution
		SolutionGuid = {B826A806-923C-4FD8-9826-BBD3FF447A1F}
	EndGlobalSection
EndGlobal
