
Microsoft Visual Studio Solution File, Format Version 12.00
# Visual Studio Version 17
VisualStudioVersion = 17.6.33815.320
MinimumVisualStudioVersion = 10.0.40219.1
Project("{FAE04EC0-301F-11D3-BF4B-00C04F79EFBC}") = "BoolApp", "BoolApp\BoolApp.csproj", "{73DC627C-47F4-4ED6-B033-9664BE886B58}"
EndProject
Global
	GlobalSection(SolutionConfigurationPlatforms) = preSolution
		Debug|Any CPU = Debug|Any CPU
		Release|Any CPU = Release|Any CPU
	EndGlobalSection
	GlobalSection(ProjectConfigurationPlatforms) = postSolution
		{73DC627C-47F4-4ED6-B033-9664BE886B58}.Debug|Any CPU.ActiveCfg = Debug|Any CPU
		{73DC627C-47F4-4ED6-B033-9664BE886B58}.Debug|Any CPU.Build.0 = Debug|Any CPU
		{73DC627C-47F4-4ED6-B033-9664BE886B58}.Release|Any CPU.ActiveCfg = Release|Any CPU
		{73DC627C-47F4-4ED6-B033-9664BE886B58}.Release|Any CPU.Build.0 = Release|Any CPU
	EndGlobalSection
	GlobalSection(SolutionProperties) = preSolution
		HideSolutionNode = FALSE
	EndGlobalSection
	GlobalSection(ExtensibilityGlobals) = postSolution
		SolutionGuid = {9B1D5C00-34D4-4EF3-9194-AF4444F09384}
	EndGlobalSection
EndGlobal
