
Microsoft Visual Studio Solution File, Format Version 12.00
# Visual Studio Version 17
VisualStudioVersion = 17.6.33815.320
MinimumVisualStudioVersion = 10.0.40219.1
Project("{FAE04EC0-301F-11D3-BF4B-00C04F79EFBC}") = "LoopApp01", "LoopApp01\LoopApp01.csproj", "{A6BE4FA8-4A0B-41D6-BD81-69C3760FF44D}"
EndProject
Global
	GlobalSection(SolutionConfigurationPlatforms) = preSolution
		Debug|Any CPU = Debug|Any CPU
		Release|Any CPU = Release|Any CPU
	EndGlobalSection
	GlobalSection(ProjectConfigurationPlatforms) = postSolution
		{A6BE4FA8-4A0B-41D6-BD81-69C3760FF44D}.Debug|Any CPU.ActiveCfg = Debug|Any CPU
		{A6BE4FA8-4A0B-41D6-BD81-69C3760FF44D}.Debug|Any CPU.Build.0 = Debug|Any CPU
		{A6BE4FA8-4A0B-41D6-BD81-69C3760FF44D}.Release|Any CPU.ActiveCfg = Release|Any CPU
		{A6BE4FA8-4A0B-41D6-BD81-69C3760FF44D}.Release|Any CPU.Build.0 = Release|Any CPU
	EndGlobalSection
	GlobalSection(SolutionProperties) = preSolution
		HideSolutionNode = FALSE
	EndGlobalSection
	GlobalSection(ExtensibilityGlobals) = postSolution
		SolutionGuid = {AD32D2B5-ACBF-4E5D-9FAE-F82219D697C6}
	EndGlobalSection
EndGlobal
