
Microsoft Visual Studio Solution File, Format Version 12.00
# Visual Studio Version 17
VisualStudioVersion = 17.6.33815.320
MinimumVisualStudioVersion = 10.0.40219.1
Project("{FAE04EC0-301F-11D3-BF4B-00C04F79EFBC}") = "StringTest", "StringTest\StringTest.csproj", "{71289AEA-0275-4597-B01D-B1C35B0B3745}"
EndProject
Global
	GlobalSection(SolutionConfigurationPlatforms) = preSolution
		Debug|Any CPU = Debug|Any CPU
		Release|Any CPU = Release|Any CPU
	EndGlobalSection
	GlobalSection(ProjectConfigurationPlatforms) = postSolution
		{71289AEA-0275-4597-B01D-B1C35B0B3745}.Debug|Any CPU.ActiveCfg = Debug|Any CPU
		{71289AEA-0275-4597-B01D-B1C35B0B3745}.Debug|Any CPU.Build.0 = Debug|Any CPU
		{71289AEA-0275-4597-B01D-B1C35B0B3745}.Release|Any CPU.ActiveCfg = Release|Any CPU
		{71289AEA-0275-4597-B01D-B1C35B0B3745}.Release|Any CPU.Build.0 = Release|Any CPU
	EndGlobalSection
	GlobalSection(SolutionProperties) = preSolution
		HideSolutionNode = FALSE
	EndGlobalSection
	GlobalSection(ExtensibilityGlobals) = postSolution
		SolutionGuid = {4603E085-3764-4CB2-8595-E5EEDE2C9380}
	EndGlobalSection
EndGlobal
