
Microsoft Visual Studio Solution File, Format Version 12.00
# Visual Studio Version 17
VisualStudioVersion = 17.6.33815.320
MinimumVisualStudioVersion = 10.0.40219.1
Project("{FAE04EC0-301F-11D3-BF4B-00C04F79EFBC}") = "Interface04_.net 사용X", "Interface04_.net 사용X\Interface04_.net 사용X.csproj", "{5BD1FF79-B709-4313-89DC-F362500E8C14}"
EndProject
Global
	GlobalSection(SolutionConfigurationPlatforms) = preSolution
		Debug|Any CPU = Debug|Any CPU
		Release|Any CPU = Release|Any CPU
	EndGlobalSection
	GlobalSection(ProjectConfigurationPlatforms) = postSolution
		{5BD1FF79-B709-4313-89DC-F362500E8C14}.Debug|Any CPU.ActiveCfg = Debug|Any CPU
		{5BD1FF79-B709-4313-89DC-F362500E8C14}.Debug|Any CPU.Build.0 = Debug|Any CPU
		{5BD1FF79-B709-4313-89DC-F362500E8C14}.Release|Any CPU.ActiveCfg = Release|Any CPU
		{5BD1FF79-B709-4313-89DC-F362500E8C14}.Release|Any CPU.Build.0 = Release|Any CPU
	EndGlobalSection
	GlobalSection(SolutionProperties) = preSolution
		HideSolutionNode = FALSE
	EndGlobalSection
	GlobalSection(ExtensibilityGlobals) = postSolution
		SolutionGuid = {30E96D64-1666-477B-A791-F7E866E78C02}
	EndGlobalSection
EndGlobal
