
Microsoft Visual Studio Solution File, Format Version 12.00
# Visual Studio Version 17
VisualStudioVersion = 17.6.33815.320
MinimumVisualStudioVersion = 10.0.40219.1
Project("{FAE04EC0-301F-11D3-BF4B-00C04F79EFBC}") = "ThreadInterrupt", "ThreadInterrupt\ThreadInterrupt.csproj", "{940BAFD6-1BE5-44AF-B07E-23CB18855F5B}"
EndProject
Global
	GlobalSection(SolutionConfigurationPlatforms) = preSolution
		Debug|Any CPU = Debug|Any CPU
		Release|Any CPU = Release|Any CPU
	EndGlobalSection
	GlobalSection(ProjectConfigurationPlatforms) = postSolution
		{940BAFD6-1BE5-44AF-B07E-23CB18855F5B}.Debug|Any CPU.ActiveCfg = Debug|Any CPU
		{940BAFD6-1BE5-44AF-B07E-23CB18855F5B}.Debug|Any CPU.Build.0 = Debug|Any CPU
		{940BAFD6-1BE5-44AF-B07E-23CB18855F5B}.Release|Any CPU.ActiveCfg = Release|Any CPU
		{940BAFD6-1BE5-44AF-B07E-23CB18855F5B}.Release|Any CPU.Build.0 = Release|Any CPU
	EndGlobalSection
	GlobalSection(SolutionProperties) = preSolution
		HideSolutionNode = FALSE
	EndGlobalSection
	GlobalSection(ExtensibilityGlobals) = postSolution
		SolutionGuid = {E6DD933E-2A61-41C1-886A-A84B7611551C}
	EndGlobalSection
EndGlobal
