
Microsoft Visual Studio Solution File, Format Version 12.00
# Visual Studio Version 17
VisualStudioVersion = 17.6.33815.320
MinimumVisualStudioVersion = 10.0.40219.1
Project("{FAE04EC0-301F-11D3-BF4B-00C04F79EFBC}") = "ArrayApp", "ArrayApp\ArrayApp.csproj", "{71872273-6270-40B5-9FA9-F8D1FDF2460D}"
EndProject
Global
	GlobalSection(SolutionConfigurationPlatforms) = preSolution
		Debug|Any CPU = Debug|Any CPU
		Release|Any CPU = Release|Any CPU
	EndGlobalSection
	GlobalSection(ProjectConfigurationPlatforms) = postSolution
		{71872273-6270-40B5-9FA9-F8D1FDF2460D}.Debug|Any CPU.ActiveCfg = Debug|Any CPU
		{71872273-6270-40B5-9FA9-F8D1FDF2460D}.Debug|Any CPU.Build.0 = Debug|Any CPU
		{71872273-6270-40B5-9FA9-F8D1FDF2460D}.Release|Any CPU.ActiveCfg = Release|Any CPU
		{71872273-6270-40B5-9FA9-F8D1FDF2460D}.Release|Any CPU.Build.0 = Release|Any CPU
	EndGlobalSection
	GlobalSection(SolutionProperties) = preSolution
		HideSolutionNode = FALSE
	EndGlobalSection
	GlobalSection(ExtensibilityGlobals) = postSolution
		SolutionGuid = {17E045E1-2A5C-4811-BDE4-C8A098166DBE}
	EndGlobalSection
EndGlobal
