
Microsoft Visual Studio Solution File, Format Version 12.00
# Visual Studio Version 17
VisualStudioVersion = 17.6.33815.320
MinimumVisualStudioVersion = 10.0.40219.1
Project("{FAE04EC0-301F-11D3-BF4B-00C04F79EFBC}") = "110p, 113p", "110p, 113p\110p, 113p.csproj", "{EE841E01-4D67-4162-93AF-BAA0E5251AB0}"
EndProject
Global
	GlobalSection(SolutionConfigurationPlatforms) = preSolution
		Debug|Any CPU = Debug|Any CPU
		Release|Any CPU = Release|Any CPU
	EndGlobalSection
	GlobalSection(ProjectConfigurationPlatforms) = postSolution
		{EE841E01-4D67-4162-93AF-BAA0E5251AB0}.Debug|Any CPU.ActiveCfg = Debug|Any CPU
		{EE841E01-4D67-4162-93AF-BAA0E5251AB0}.Debug|Any CPU.Build.0 = Debug|Any CPU
		{EE841E01-4D67-4162-93AF-BAA0E5251AB0}.Release|Any CPU.ActiveCfg = Release|Any CPU
		{EE841E01-4D67-4162-93AF-BAA0E5251AB0}.Release|Any CPU.Build.0 = Release|Any CPU
	EndGlobalSection
	GlobalSection(SolutionProperties) = preSolution
		HideSolutionNode = FALSE
	EndGlobalSection
	GlobalSection(ExtensibilityGlobals) = postSolution
		SolutionGuid = {11EC5101-2BC7-4A21-A7B8-91FC7D44BA6E}
	EndGlobalSection
EndGlobal
