
Microsoft Visual Studio Solution File, Format Version 12.00
# Visual Studio Version 17
VisualStudioVersion = 17.6.33815.320
MinimumVisualStudioVersion = 10.0.40219.1
Project("{FAE04EC0-301F-11D3-BF4B-00C04F79EFBC}") = "Quiz03", "Quiz03\Quiz03.csproj", "{9B19B6A4-6ED0-4DF5-B0A8-9F2A053B101A}"
EndProject
Global
	GlobalSection(SolutionConfigurationPlatforms) = preSolution
		Debug|Any CPU = Debug|Any CPU
		Release|Any CPU = Release|Any CPU
	EndGlobalSection
	GlobalSection(ProjectConfigurationPlatforms) = postSolution
		{9B19B6A4-6ED0-4DF5-B0A8-9F2A053B101A}.Debug|Any CPU.ActiveCfg = Debug|Any CPU
		{9B19B6A4-6ED0-4DF5-B0A8-9F2A053B101A}.Debug|Any CPU.Build.0 = Debug|Any CPU
		{9B19B6A4-6ED0-4DF5-B0A8-9F2A053B101A}.Release|Any CPU.ActiveCfg = Release|Any CPU
		{9B19B6A4-6ED0-4DF5-B0A8-9F2A053B101A}.Release|Any CPU.Build.0 = Release|Any CPU
	EndGlobalSection
	GlobalSection(SolutionProperties) = preSolution
		HideSolutionNode = FALSE
	EndGlobalSection
	GlobalSection(ExtensibilityGlobals) = postSolution
		SolutionGuid = {9B2D7C7D-7BBF-4376-A098-AB52D8A19E00}
	EndGlobalSection
EndGlobal
