
Microsoft Visual Studio Solution File, Format Version 12.00
# Visual Studio Version 17
VisualStudioVersion = 17.6.33815.320
MinimumVisualStudioVersion = 10.0.40219.1
Project("{FAE04EC0-301F-11D3-BF4B-00C04F79EFBC}") = "Name_Test", "Name_Test.csproj", "{DA385036-FD0F-4FED-A6C4-384D54B876AB}"
EndProject
Global
	GlobalSection(SolutionConfigurationPlatforms) = preSolution
		Debug|Any CPU = Debug|Any CPU
		Release|Any CPU = Release|Any CPU
	EndGlobalSection
	GlobalSection(ProjectConfigurationPlatforms) = postSolution
		{DA385036-FD0F-4FED-A6C4-384D54B876AB}.Debug|Any CPU.ActiveCfg = Debug|Any CPU
		{DA385036-FD0F-4FED-A6C4-384D54B876AB}.Debug|Any CPU.Build.0 = Debug|Any CPU
		{DA385036-FD0F-4FED-A6C4-384D54B876AB}.Release|Any CPU.ActiveCfg = Release|Any CPU
		{DA385036-FD0F-4FED-A6C4-384D54B876AB}.Release|Any CPU.Build.0 = Release|Any CPU
	EndGlobalSection
	GlobalSection(SolutionProperties) = preSolution
		HideSolutionNode = FALSE
	EndGlobalSection
	GlobalSection(ExtensibilityGlobals) = postSolution
		SolutionGuid = {A03E0666-4B1B-428A-A512-E51605D495D5}
	EndGlobalSection
EndGlobal
