
Microsoft Visual Studio Solution File, Format Version 12.00
# Visual Studio Version 17
VisualStudioVersion = 17.6.33815.320
MinimumVisualStudioVersion = 10.0.40219.1
Project("{FAE04EC0-301F-11D3-BF4B-00C04F79EFBC}") = "OOP05", "OOP05\OOP05.csproj", "{F69F910E-B367-420A-A2FB-0A3145D9FFBF}"
EndProject
Global
	GlobalSection(SolutionConfigurationPlatforms) = preSolution
		Debug|Any CPU = Debug|Any CPU
		Release|Any CPU = Release|Any CPU
	EndGlobalSection
	GlobalSection(ProjectConfigurationPlatforms) = postSolution
		{F69F910E-B367-420A-A2FB-0A3145D9FFBF}.Debug|Any CPU.ActiveCfg = Debug|Any CPU
		{F69F910E-B367-420A-A2FB-0A3145D9FFBF}.Debug|Any CPU.Build.0 = Debug|Any CPU
		{F69F910E-B367-420A-A2FB-0A3145D9FFBF}.Release|Any CPU.ActiveCfg = Release|Any CPU
		{F69F910E-B367-420A-A2FB-0A3145D9FFBF}.Release|Any CPU.Build.0 = Release|Any CPU
	EndGlobalSection
	GlobalSection(SolutionProperties) = preSolution
		HideSolutionNode = FALSE
	EndGlobalSection
	GlobalSection(ExtensibilityGlobals) = postSolution
		SolutionGuid = {AD6FD217-1EBB-4EB6-BF7F-47355AA24E83}
	EndGlobalSection
EndGlobal
