
Microsoft Visual Studio Solution File, Format Version 12.00
# Visual Studio Version 17
VisualStudioVersion = 17.6.33815.320
MinimumVisualStudioVersion = 10.0.40219.1
Project("{FAE04EC0-301F-11D3-BF4B-00C04F79EFBC}") = "WhileTest002", "WhileTest002\WhileTest002.csproj", "{33832D99-8011-4F5B-8ADC-666D17DA9920}"
EndProject
Global
	GlobalSection(SolutionConfigurationPlatforms) = preSolution
		Debug|Any CPU = Debug|Any CPU
		Release|Any CPU = Release|Any CPU
	EndGlobalSection
	GlobalSection(ProjectConfigurationPlatforms) = postSolution
		{33832D99-8011-4F5B-8ADC-666D17DA9920}.Debug|Any CPU.ActiveCfg = Debug|Any CPU
		{33832D99-8011-4F5B-8ADC-666D17DA9920}.Debug|Any CPU.Build.0 = Debug|Any CPU
		{33832D99-8011-4F5B-8ADC-666D17DA9920}.Release|Any CPU.ActiveCfg = Release|Any CPU
		{33832D99-8011-4F5B-8ADC-666D17DA9920}.Release|Any CPU.Build.0 = Release|Any CPU
	EndGlobalSection
	GlobalSection(SolutionProperties) = preSolution
		HideSolutionNode = FALSE
	EndGlobalSection
	GlobalSection(ExtensibilityGlobals) = postSolution
		SolutionGuid = {343213EE-F58D-4ADD-A72C-10F19E759306}
	EndGlobalSection
EndGlobal
