
Microsoft Visual Studio Solution File, Format Version 12.00
# Visual Studio Version 17
VisualStudioVersion = 17.6.33815.320
MinimumVisualStudioVersion = 10.0.40219.1
Project("{FAE04EC0-301F-11D3-BF4B-00C04F79EFBC}") = "SimpleWindow", "SimpleWindow\SimpleWindow.csproj", "{7DBEAC04-B568-4D5F-B9F0-D5403C832F03}"
EndProject
Global
	GlobalSection(SolutionConfigurationPlatforms) = preSolution
		Debug|Any CPU = Debug|Any CPU
		Release|Any CPU = Release|Any CPU
	EndGlobalSection
	GlobalSection(ProjectConfigurationPlatforms) = postSolution
		{7DBEAC04-B568-4D5F-B9F0-D5403C832F03}.Debug|Any CPU.ActiveCfg = Debug|Any CPU
		{7DBEAC04-B568-4D5F-B9F0-D5403C832F03}.Debug|Any CPU.Build.0 = Debug|Any CPU
		{7DBEAC04-B568-4D5F-B9F0-D5403C832F03}.Release|Any CPU.ActiveCfg = Release|Any CPU
		{7DBEAC04-B568-4D5F-B9F0-D5403C832F03}.Release|Any CPU.Build.0 = Release|Any CPU
	EndGlobalSection
	GlobalSection(SolutionProperties) = preSolution
		HideSolutionNode = FALSE
	EndGlobalSection
	GlobalSection(ExtensibilityGlobals) = postSolution
		SolutionGuid = {A9B065F5-CB4F-45C6-9112-B7279292A8F2}
	EndGlobalSection
EndGlobal
