
Microsoft Visual Studio Solution File, Format Version 12.00
# Visual Studio Version 17
VisualStudioVersion = 17.6.33815.320
MinimumVisualStudioVersion = 10.0.40219.1
Project("{FAE04EC0-301F-11D3-BF4B-00C04F79EFBC}") = "Quiz01", "Quiz01\Quiz01.csproj", "{F7D54516-778C-4528-B33C-D7EA3F03899B}"
EndProject
Global
	GlobalSection(SolutionConfigurationPlatforms) = preSolution
		Debug|Any CPU = Debug|Any CPU
		Release|Any CPU = Release|Any CPU
	EndGlobalSection
	GlobalSection(ProjectConfigurationPlatforms) = postSolution
		{F7D54516-778C-4528-B33C-D7EA3F03899B}.Debug|Any CPU.ActiveCfg = Debug|Any CPU
		{F7D54516-778C-4528-B33C-D7EA3F03899B}.Debug|Any CPU.Build.0 = Debug|Any CPU
		{F7D54516-778C-4528-B33C-D7EA3F03899B}.Release|Any CPU.ActiveCfg = Release|Any CPU
		{F7D54516-778C-4528-B33C-D7EA3F03899B}.Release|Any CPU.Build.0 = Release|Any CPU
	EndGlobalSection
	GlobalSection(SolutionProperties) = preSolution
		HideSolutionNode = FALSE
	EndGlobalSection
	GlobalSection(ExtensibilityGlobals) = postSolution
		SolutionGuid = {288D1B7A-CDEF-41A8-B7D1-550B33B15EBC}
	EndGlobalSection
EndGlobal
