
Microsoft Visual Studio Solution File, Format Version 12.00
# Visual Studio Version 17
VisualStudioVersion = 17.6.33815.320
MinimumVisualStudioVersion = 10.0.40219.1
Project("{FAE04EC0-301F-11D3-BF4B-00C04F79EFBC}") = "Quiz03", "Quiz03.csproj", "{E4127217-FC78-42F7-904B-C90F5274644B}"
EndProject
Global
	GlobalSection(SolutionConfigurationPlatforms) = preSolution
		Debug|Any CPU = Debug|Any CPU
		Release|Any CPU = Release|Any CPU
	EndGlobalSection
	GlobalSection(ProjectConfigurationPlatforms) = postSolution
		{E4127217-FC78-42F7-904B-C90F5274644B}.Debug|Any CPU.ActiveCfg = Debug|Any CPU
		{E4127217-FC78-42F7-904B-C90F5274644B}.Debug|Any CPU.Build.0 = Debug|Any CPU
		{E4127217-FC78-42F7-904B-C90F5274644B}.Release|Any CPU.ActiveCfg = Release|Any CPU
		{E4127217-FC78-42F7-904B-C90F5274644B}.Release|Any CPU.Build.0 = Release|Any CPU
	EndGlobalSection
	GlobalSection(SolutionProperties) = preSolution
		HideSolutionNode = FALSE
	EndGlobalSection
	GlobalSection(ExtensibilityGlobals) = postSolution
		SolutionGuid = {AA90ED2B-D826-46DC-A296-50726BBA6B26}
	EndGlobalSection
EndGlobal
