
Microsoft Visual Studio Solution File, Format Version 12.00
# Visual Studio Version 17
VisualStudioVersion = 17.6.33815.320
MinimumVisualStudioVersion = 10.0.40219.1
Project("{FAE04EC0-301F-11D3-BF4B-00C04F79EFBC}") = "Lambda", "Lambda\Lambda.csproj", "{AE28F6B5-5326-46BB-8278-3EE79C103FB3}"
EndProject
Global
	GlobalSection(SolutionConfigurationPlatforms) = preSolution
		Debug|Any CPU = Debug|Any CPU
		Release|Any CPU = Release|Any CPU
	EndGlobalSection
	GlobalSection(ProjectConfigurationPlatforms) = postSolution
		{AE28F6B5-5326-46BB-8278-3EE79C103FB3}.Debug|Any CPU.ActiveCfg = Debug|Any CPU
		{AE28F6B5-5326-46BB-8278-3EE79C103FB3}.Debug|Any CPU.Build.0 = Debug|Any CPU
		{AE28F6B5-5326-46BB-8278-3EE79C103FB3}.Release|Any CPU.ActiveCfg = Release|Any CPU
		{AE28F6B5-5326-46BB-8278-3EE79C103FB3}.Release|Any CPU.Build.0 = Release|Any CPU
	EndGlobalSection
	GlobalSection(SolutionProperties) = preSolution
		HideSolutionNode = FALSE
	EndGlobalSection
	GlobalSection(ExtensibilityGlobals) = postSolution
		SolutionGuid = {A27EFC26-26F9-4B40-95DC-68E76B32FDC5}
	EndGlobalSection
EndGlobal
