
Microsoft Visual Studio Solution File, Format Version 12.00
# Visual Studio Version 17
VisualStudioVersion = 17.6.33815.320
MinimumVisualStudioVersion = 10.0.40219.1
Project("{FAE04EC0-301F-11D3-BF4B-00C04F79EFBC}") = "Property03", "Property03\Property03.csproj", "{FAC34381-A232-48B4-824D-9DC7DCA9C6D6}"
EndProject
Global
	GlobalSection(SolutionConfigurationPlatforms) = preSolution
		Debug|Any CPU = Debug|Any CPU
		Release|Any CPU = Release|Any CPU
	EndGlobalSection
	GlobalSection(ProjectConfigurationPlatforms) = postSolution
		{FAC34381-A232-48B4-824D-9DC7DCA9C6D6}.Debug|Any CPU.ActiveCfg = Debug|Any CPU
		{FAC34381-A232-48B4-824D-9DC7DCA9C6D6}.Debug|Any CPU.Build.0 = Debug|Any CPU
		{FAC34381-A232-48B4-824D-9DC7DCA9C6D6}.Release|Any CPU.ActiveCfg = Release|Any CPU
		{FAC34381-A232-48B4-824D-9DC7DCA9C6D6}.Release|Any CPU.Build.0 = Release|Any CPU
	EndGlobalSection
	GlobalSection(SolutionProperties) = preSolution
		HideSolutionNode = FALSE
	EndGlobalSection
	GlobalSection(ExtensibilityGlobals) = postSolution
		SolutionGuid = {A80EFB3E-D711-477C-993D-804DA5FDB598}
	EndGlobalSection
EndGlobal
