
Microsoft Visual Studio Solution File, Format Version 12.00
# Visual Studio Version 17
VisualStudioVersion = 17.6.33815.320
MinimumVisualStudioVersion = 10.0.40219.1
Project("{FAE04EC0-301F-11D3-BF4B-00C04F79EFBC}") = "App006", "App006\App006.csproj", "{E68DF73F-B8A6-412C-9F5D-A2A2C3F14A3C}"
EndProject
Global
	GlobalSection(SolutionConfigurationPlatforms) = preSolution
		Debug|Any CPU = Debug|Any CPU
		Release|Any CPU = Release|Any CPU
	EndGlobalSection
	GlobalSection(ProjectConfigurationPlatforms) = postSolution
		{E68DF73F-B8A6-412C-9F5D-A2A2C3F14A3C}.Debug|Any CPU.ActiveCfg = Debug|Any CPU
		{E68DF73F-B8A6-412C-9F5D-A2A2C3F14A3C}.Debug|Any CPU.Build.0 = Debug|Any CPU
		{E68DF73F-B8A6-412C-9F5D-A2A2C3F14A3C}.Release|Any CPU.ActiveCfg = Release|Any CPU
		{E68DF73F-B8A6-412C-9F5D-A2A2C3F14A3C}.Release|Any CPU.Build.0 = Release|Any CPU
	EndGlobalSection
	GlobalSection(SolutionProperties) = preSolution
		HideSolutionNode = FALSE
	EndGlobalSection
	GlobalSection(ExtensibilityGlobals) = postSolution
		SolutionGuid = {93147E41-313A-44CF-90FE-3D1174E14C3F}
	EndGlobalSection
EndGlobal
