
Microsoft Visual Studio Solution File, Format Version 12.00
# Visual Studio Version 17
VisualStudioVersion = 17.6.33815.320
MinimumVisualStudioVersion = 10.0.40219.1
Project("{FAE04EC0-301F-11D3-BF4B-00C04F79EFBC}") = "quiz1", "quiz1\quiz1.csproj", "{4D03DEFD-62FA-438A-8387-5F57BDA53D94}"
EndProject
Global
	GlobalSection(SolutionConfigurationPlatforms) = preSolution
		Debug|Any CPU = Debug|Any CPU
		Release|Any CPU = Release|Any CPU
	EndGlobalSection
	GlobalSection(ProjectConfigurationPlatforms) = postSolution
		{4D03DEFD-62FA-438A-8387-5F57BDA53D94}.Debug|Any CPU.ActiveCfg = Debug|Any CPU
		{4D03DEFD-62FA-438A-8387-5F57BDA53D94}.Debug|Any CPU.Build.0 = Debug|Any CPU
		{4D03DEFD-62FA-438A-8387-5F57BDA53D94}.Release|Any CPU.ActiveCfg = Release|Any CPU
		{4D03DEFD-62FA-438A-8387-5F57BDA53D94}.Release|Any CPU.Build.0 = Release|Any CPU
	EndGlobalSection
	GlobalSection(SolutionProperties) = preSolution
		HideSolutionNode = FALSE
	EndGlobalSection
	GlobalSection(ExtensibilityGlobals) = postSolution
		SolutionGuid = {19ECA2B7-2C95-4E19-8A04-88807F3FD8AD}
	EndGlobalSection
EndGlobal
