
Microsoft Visual Studio Solution File, Format Version 12.00
# Visual Studio Version 17
VisualStudioVersion = 17.6.33815.320
MinimumVisualStudioVersion = 10.0.40219.1
Project("{FAE04EC0-301F-11D3-BF4B-00C04F79EFBC}") = "WebApplication1", "WebApplication1.csproj", "{7242ECEE-F592-4F6E-A7BC-7359775A839D}"
EndProject
Global
	GlobalSection(SolutionConfigurationPlatforms) = preSolution
		Debug|Any CPU = Debug|Any CPU
		Release|Any CPU = Release|Any CPU
	EndGlobalSection
	GlobalSection(ProjectConfigurationPlatforms) = postSolution
		{7242ECEE-F592-4F6E-A7BC-7359775A839D}.Debug|Any CPU.ActiveCfg = Debug|Any CPU
		{7242ECEE-F592-4F6E-A7BC-7359775A839D}.Debug|Any CPU.Build.0 = Debug|Any CPU
		{7242ECEE-F592-4F6E-A7BC-7359775A839D}.Release|Any CPU.ActiveCfg = Release|Any CPU
		{7242ECEE-F592-4F6E-A7BC-7359775A839D}.Release|Any CPU.Build.0 = Release|Any CPU
	EndGlobalSection
	GlobalSection(SolutionProperties) = preSolution
		HideSolutionNode = FALSE
	EndGlobalSection
	GlobalSection(ExtensibilityGlobals) = postSolution
		SolutionGuid = {071C7F96-DC20-4B54-B8A0-E90F68E5185D}
	EndGlobalSection
EndGlobal
