
Microsoft Visual Studio Solution File, Format Version 12.00
# Visual Studio Version 17
VisualStudioVersion = 17.6.33815.320
MinimumVisualStudioVersion = 10.0.40219.1
Project("{FAE04EC0-301F-11D3-BF4B-00C04F79EFBC}") = "Quiz01", "Quiz01\Quiz01.csproj", "{C06CF7B3-3BC7-40EB-9672-030B64A30BDA}"
EndProject
Global
	GlobalSection(SolutionConfigurationPlatforms) = preSolution
		Debug|Any CPU = Debug|Any CPU
		Release|Any CPU = Release|Any CPU
	EndGlobalSection
	GlobalSection(ProjectConfigurationPlatforms) = postSolution
		{C06CF7B3-3BC7-40EB-9672-030B64A30BDA}.Debug|Any CPU.ActiveCfg = Debug|Any CPU
		{C06CF7B3-3BC7-40EB-9672-030B64A30BDA}.Debug|Any CPU.Build.0 = Debug|Any CPU
		{C06CF7B3-3BC7-40EB-9672-030B64A30BDA}.Release|Any CPU.ActiveCfg = Release|Any CPU
		{C06CF7B3-3BC7-40EB-9672-030B64A30BDA}.Release|Any CPU.Build.0 = Release|Any CPU
	EndGlobalSection
	GlobalSection(SolutionProperties) = preSolution
		HideSolutionNode = FALSE
	EndGlobalSection
	GlobalSection(ExtensibilityGlobals) = postSolution
		SolutionGuid = {49F17179-FFC2-4E18-8574-F371D33E708A}
	EndGlobalSection
EndGlobal
