
Microsoft Visual Studio Solution File, Format Version 12.00
# Visual Studio Version 17
VisualStudioVersion = 17.6.33815.320
MinimumVisualStudioVersion = 10.0.40219.1
Project("{FAE04EC0-301F-11D3-BF4B-00C04F79EFBC}") = "DelegateChain_easy", "DelegateChain_easy\DelegateChain_easy.csproj", "{AE3444ED-69AF-4F9D-A571-23FE5E6DAC4C}"
EndProject
Global
	GlobalSection(SolutionConfigurationPlatforms) = preSolution
		Debug|Any CPU = Debug|Any CPU
		Release|Any CPU = Release|Any CPU
	EndGlobalSection
	GlobalSection(ProjectConfigurationPlatforms) = postSolution
		{AE3444ED-69AF-4F9D-A571-23FE5E6DAC4C}.Debug|Any CPU.ActiveCfg = Debug|Any CPU
		{AE3444ED-69AF-4F9D-A571-23FE5E6DAC4C}.Debug|Any CPU.Build.0 = Debug|Any CPU
		{AE3444ED-69AF-4F9D-A571-23FE5E6DAC4C}.Release|Any CPU.ActiveCfg = Release|Any CPU
		{AE3444ED-69AF-4F9D-A571-23FE5E6DAC4C}.Release|Any CPU.Build.0 = Release|Any CPU
	EndGlobalSection
	GlobalSection(SolutionProperties) = preSolution
		HideSolutionNode = FALSE
	EndGlobalSection
	GlobalSection(ExtensibilityGlobals) = postSolution
		SolutionGuid = {118590B7-8F93-4180-8EB2-45A3B43A050D}
	EndGlobalSection
EndGlobal
