
Microsoft Visual Studio Solution File, Format Version 12.00
# Visual Studio Version 17
VisualStudioVersion = 17.6.33815.320
MinimumVisualStudioVersion = 10.0.40219.1
Project("{FAE04EC0-301F-11D3-BF4B-00C04F79EFBC}") = "OOP03", "OOP03\OOP03.csproj", "{F50E2060-DE6F-465B-9E99-B0980B68EE42}"
EndProject
Global
	GlobalSection(SolutionConfigurationPlatforms) = preSolution
		Debug|Any CPU = Debug|Any CPU
		Release|Any CPU = Release|Any CPU
	EndGlobalSection
	GlobalSection(ProjectConfigurationPlatforms) = postSolution
		{F50E2060-DE6F-465B-9E99-B0980B68EE42}.Debug|Any CPU.ActiveCfg = Debug|Any CPU
		{F50E2060-DE6F-465B-9E99-B0980B68EE42}.Debug|Any CPU.Build.0 = Debug|Any CPU
		{F50E2060-DE6F-465B-9E99-B0980B68EE42}.Release|Any CPU.ActiveCfg = Release|Any CPU
		{F50E2060-DE6F-465B-9E99-B0980B68EE42}.Release|Any CPU.Build.0 = Release|Any CPU
	EndGlobalSection
	GlobalSection(SolutionProperties) = preSolution
		HideSolutionNode = FALSE
	EndGlobalSection
	GlobalSection(ExtensibilityGlobals) = postSolution
		SolutionGuid = {4D6EFCD0-C527-4897-9D40-3016C74C8EA0}
	EndGlobalSection
EndGlobal
