
Microsoft Visual Studio Solution File, Format Version 12.00
# Visual Studio Version 17
VisualStudioVersion = 17.6.33815.320
MinimumVisualStudioVersion = 10.0.40219.1
Project("{FAE04EC0-301F-11D3-BF4B-00C04F79EFBC}") = "WindowsFormsApp1", "WindowsFormsApp1\WindowsFormsApp1.csproj", "{BF652E30-8ED2-48F3-84AD-6CC68FC82AAA}"
EndProject
Global
	GlobalSection(SolutionConfigurationPlatforms) = preSolution
		Debug|Any CPU = Debug|Any CPU
		Release|Any CPU = Release|Any CPU
	EndGlobalSection
	GlobalSection(ProjectConfigurationPlatforms) = postSolution
		{BF652E30-8ED2-48F3-84AD-6CC68FC82AAA}.Debug|Any CPU.ActiveCfg = Debug|Any CPU
		{BF652E30-8ED2-48F3-84AD-6CC68FC82AAA}.Debug|Any CPU.Build.0 = Debug|Any CPU
		{BF652E30-8ED2-48F3-84AD-6CC68FC82AAA}.Release|Any CPU.ActiveCfg = Release|Any CPU
		{BF652E30-8ED2-48F3-84AD-6CC68FC82AAA}.Release|Any CPU.Build.0 = Release|Any CPU
	EndGlobalSection
	GlobalSection(SolutionProperties) = preSolution
		HideSolutionNode = FALSE
	EndGlobalSection
	GlobalSection(ExtensibilityGlobals) = postSolution
		SolutionGuid = {6257AB7A-EF86-4F3C-968C-4A4CFA8365F8}
	EndGlobalSection
EndGlobal
