
Microsoft Visual Studio Solution File, Format Version 12.00
# Visual Studio Version 17
VisualStudioVersion = 17.6.33815.320
MinimumVisualStudioVersion = 10.0.40219.1
Project("{FAE04EC0-301F-11D3-BF4B-00C04F79EFBC}") = "HelloWorld", "HelloWorld\HelloWorld.csproj", "{AB780BF1-8189-4E47-BAF7-8CF8564CDBBC}"
EndProject
Global
	GlobalSection(SolutionConfigurationPlatforms) = preSolution
		Debug|Any CPU = Debug|Any CPU
		Release|Any CPU = Release|Any CPU
	EndGlobalSection
	GlobalSection(ProjectConfigurationPlatforms) = postSolution
		{AB780BF1-8189-4E47-BAF7-8CF8564CDBBC}.Debug|Any CPU.ActiveCfg = Debug|Any CPU
		{AB780BF1-8189-4E47-BAF7-8CF8564CDBBC}.Debug|Any CPU.Build.0 = Debug|Any CPU
		{AB780BF1-8189-4E47-BAF7-8CF8564CDBBC}.Release|Any CPU.ActiveCfg = Release|Any CPU
		{AB780BF1-8189-4E47-BAF7-8CF8564CDBBC}.Release|Any CPU.Build.0 = Release|Any CPU
	EndGlobalSection
	GlobalSection(SolutionProperties) = preSolution
		HideSolutionNode = FALSE
	EndGlobalSection
	GlobalSection(ExtensibilityGlobals) = postSolution
		SolutionGuid = {30FB17C4-9D3E-443B-A24B-80F9911B4225}
	EndGlobalSection
EndGlobal
