
Microsoft Visual Studio Solution File, Format Version 12.00
# Visual Studio Version 17
VisualStudioVersion = 17.6.33815.320
MinimumVisualStudioVersion = 10.0.40219.1
Project("{FAE04EC0-301F-11D3-BF4B-00C04F79EFBC}") = "OOP01", "OOP01\OOP01.csproj", "{9275E911-C531-4BB1-A92C-41AE38B07E55}"
EndProject
Global
	GlobalSection(SolutionConfigurationPlatforms) = preSolution
		Debug|Any CPU = Debug|Any CPU
		Release|Any CPU = Release|Any CPU
	EndGlobalSection
	GlobalSection(ProjectConfigurationPlatforms) = postSolution
		{9275E911-C531-4BB1-A92C-41AE38B07E55}.Debug|Any CPU.ActiveCfg = Debug|Any CPU
		{9275E911-C531-4BB1-A92C-41AE38B07E55}.Debug|Any CPU.Build.0 = Debug|Any CPU
		{9275E911-C531-4BB1-A92C-41AE38B07E55}.Release|Any CPU.ActiveCfg = Release|Any CPU
		{9275E911-C531-4BB1-A92C-41AE38B07E55}.Release|Any CPU.Build.0 = Release|Any CPU
	EndGlobalSection
	GlobalSection(SolutionProperties) = preSolution
		HideSolutionNode = FALSE
	EndGlobalSection
	GlobalSection(ExtensibilityGlobals) = postSolution
		SolutionGuid = {F889A2DE-5CAE-4C34-8C3E-268F45FBB5D7}
	EndGlobalSection
EndGlobal
