
Microsoft Visual Studio Solution File, Format Version 12.00
# Visual Studio Version 17
VisualStudioVersion = 17.6.33815.320
MinimumVisualStudioVersion = 10.0.40219.1
Project("{FAE04EC0-301F-11D3-BF4B-00C04F79EFBC}") = "Except01", "Except01\Except01.csproj", "{73A721DF-C2A6-40B0-BE65-E274B0D8E699}"
EndProject
Global
	GlobalSection(SolutionConfigurationPlatforms) = preSolution
		Debug|Any CPU = Debug|Any CPU
		Release|Any CPU = Release|Any CPU
	EndGlobalSection
	GlobalSection(ProjectConfigurationPlatforms) = postSolution
		{73A721DF-C2A6-40B0-BE65-E274B0D8E699}.Debug|Any CPU.ActiveCfg = Debug|Any CPU
		{73A721DF-C2A6-40B0-BE65-E274B0D8E699}.Debug|Any CPU.Build.0 = Debug|Any CPU
		{73A721DF-C2A6-40B0-BE65-E274B0D8E699}.Release|Any CPU.ActiveCfg = Release|Any CPU
		{73A721DF-C2A6-40B0-BE65-E274B0D8E699}.Release|Any CPU.Build.0 = Release|Any CPU
	EndGlobalSection
	GlobalSection(SolutionProperties) = preSolution
		HideSolutionNode = FALSE
	EndGlobalSection
	GlobalSection(ExtensibilityGlobals) = postSolution
		SolutionGuid = {CFD74756-6E8F-48B0-B07A-F3DDA69B1887}
	EndGlobalSection
EndGlobal
