
Microsoft Visual Studio Solution File, Format Version 12.00
# Visual Studio Version 17
VisualStudioVersion = 17.6.33815.320
MinimumVisualStudioVersion = 10.0.40219.1
Project("{FAE04EC0-301F-11D3-BF4B-00C04F79EFBC}") = "LoopTest02", "LoopTest02\LoopTest02.csproj", "{08BDA16E-505F-4C96-B605-86C6A57C8412}"
EndProject
Global
	GlobalSection(SolutionConfigurationPlatforms) = preSolution
		Debug|Any CPU = Debug|Any CPU
		Release|Any CPU = Release|Any CPU
	EndGlobalSection
	GlobalSection(ProjectConfigurationPlatforms) = postSolution
		{08BDA16E-505F-4C96-B605-86C6A57C8412}.Debug|Any CPU.ActiveCfg = Debug|Any CPU
		{08BDA16E-505F-4C96-B605-86C6A57C8412}.Debug|Any CPU.Build.0 = Debug|Any CPU
		{08BDA16E-505F-4C96-B605-86C6A57C8412}.Release|Any CPU.ActiveCfg = Release|Any CPU
		{08BDA16E-505F-4C96-B605-86C6A57C8412}.Release|Any CPU.Build.0 = Release|Any CPU
	EndGlobalSection
	GlobalSection(SolutionProperties) = preSolution
		HideSolutionNode = FALSE
	EndGlobalSection
	GlobalSection(ExtensibilityGlobals) = postSolution
		SolutionGuid = {2CDE30B2-3004-456F-AD42-65B2BCAAB7C6}
	EndGlobalSection
EndGlobal
