
Microsoft Visual Studio Solution File, Format Version 12.00
# Visual Studio Version 17
VisualStudioVersion = 17.6.33815.320
MinimumVisualStudioVersion = 10.0.40219.1
Project("{FAE04EC0-301F-11D3-BF4B-00C04F79EFBC}") = "Quiz04", "Quiz04\Quiz04.csproj", "{9E0B6C09-72EA-47D7-9A3C-E9ADED0FAC7F}"
EndProject
Global
	GlobalSection(SolutionConfigurationPlatforms) = preSolution
		Debug|Any CPU = Debug|Any CPU
		Release|Any CPU = Release|Any CPU
	EndGlobalSection
	GlobalSection(ProjectConfigurationPlatforms) = postSolution
		{9E0B6C09-72EA-47D7-9A3C-E9ADED0FAC7F}.Debug|Any CPU.ActiveCfg = Debug|Any CPU
		{9E0B6C09-72EA-47D7-9A3C-E9ADED0FAC7F}.Debug|Any CPU.Build.0 = Debug|Any CPU
		{9E0B6C09-72EA-47D7-9A3C-E9ADED0FAC7F}.Release|Any CPU.ActiveCfg = Release|Any CPU
		{9E0B6C09-72EA-47D7-9A3C-E9ADED0FAC7F}.Release|Any CPU.Build.0 = Release|Any CPU
	EndGlobalSection
	GlobalSection(SolutionProperties) = preSolution
		HideSolutionNode = FALSE
	EndGlobalSection
	GlobalSection(ExtensibilityGlobals) = postSolution
		SolutionGuid = {711FB76B-AECB-4595-88D6-6803D4537E30}
	EndGlobalSection
EndGlobal
