
Microsoft Visual Studio Solution File, Format Version 12.00
# Visual Studio Version 17
VisualStudioVersion = 17.6.33815.320
MinimumVisualStudioVersion = 10.0.40219.1
Project("{FAE04EC0-301F-11D3-BF4B-00C04F79EFBC}") = "WebEmpty_Test01", "WebEmpty_Test01.csproj", "{4E501EF9-1BC5-451D-8766-B342E8EBF97B}"
EndProject
Global
	GlobalSection(SolutionConfigurationPlatforms) = preSolution
		Debug|Any CPU = Debug|Any CPU
		Release|Any CPU = Release|Any CPU
	EndGlobalSection
	GlobalSection(ProjectConfigurationPlatforms) = postSolution
		{4E501EF9-1BC5-451D-8766-B342E8EBF97B}.Debug|Any CPU.ActiveCfg = Debug|Any CPU
		{4E501EF9-1BC5-451D-8766-B342E8EBF97B}.Debug|Any CPU.Build.0 = Debug|Any CPU
		{4E501EF9-1BC5-451D-8766-B342E8EBF97B}.Release|Any CPU.ActiveCfg = Release|Any CPU
		{4E501EF9-1BC5-451D-8766-B342E8EBF97B}.Release|Any CPU.Build.0 = Release|Any CPU
	EndGlobalSection
	GlobalSection(SolutionProperties) = preSolution
		HideSolutionNode = FALSE
	EndGlobalSection
	GlobalSection(ExtensibilityGlobals) = postSolution
		SolutionGuid = {C38F97A4-96C8-4769-9898-87E05A1BE3F2}
	EndGlobalSection
EndGlobal
