
Microsoft Visual Studio Solution File, Format Version 12.00
# Visual Studio Version 17
VisualStudioVersion = 17.6.33815.320
MinimumVisualStudioVersion = 10.0.40219.1
Project("{FAE04EC0-301F-11D3-BF4B-00C04F79EFBC}") = "Quiz02", "Quiz02.csproj", "{7075618E-EF0B-402F-ADDB-037FF53D8431}"
EndProject
Global
	GlobalSection(SolutionConfigurationPlatforms) = preSolution
		Debug|Any CPU = Debug|Any CPU
		Release|Any CPU = Release|Any CPU
	EndGlobalSection
	GlobalSection(ProjectConfigurationPlatforms) = postSolution
		{7075618E-EF0B-402F-ADDB-037FF53D8431}.Debug|Any CPU.ActiveCfg = Debug|Any CPU
		{7075618E-EF0B-402F-ADDB-037FF53D8431}.Debug|Any CPU.Build.0 = Debug|Any CPU
		{7075618E-EF0B-402F-ADDB-037FF53D8431}.Release|Any CPU.ActiveCfg = Release|Any CPU
		{7075618E-EF0B-402F-ADDB-037FF53D8431}.Release|Any CPU.Build.0 = Release|Any CPU
	EndGlobalSection
	GlobalSection(SolutionProperties) = preSolution
		HideSolutionNode = FALSE
	EndGlobalSection
	GlobalSection(ExtensibilityGlobals) = postSolution
		SolutionGuid = {743AA140-46F9-419A-9120-921F0DC18D14}
	EndGlobalSection
EndGlobal
