
Microsoft Visual Studio Solution File, Format Version 12.00
# Visual Studio Version 17
VisualStudioVersion = 17.6.33815.320
MinimumVisualStudioVersion = 10.0.40219.1
Project("{FAE04EC0-301F-11D3-BF4B-00C04F79EFBC}") = "SimpleWindow3", "SimpleWindow3\SimpleWindow3.csproj", "{13EAAB83-452D-47F5-9C49-A208D666B88F}"
EndProject
Global
	GlobalSection(SolutionConfigurationPlatforms) = preSolution
		Debug|Any CPU = Debug|Any CPU
		Release|Any CPU = Release|Any CPU
	EndGlobalSection
	GlobalSection(ProjectConfigurationPlatforms) = postSolution
		{13EAAB83-452D-47F5-9C49-A208D666B88F}.Debug|Any CPU.ActiveCfg = Debug|Any CPU
		{13EAAB83-452D-47F5-9C49-A208D666B88F}.Debug|Any CPU.Build.0 = Debug|Any CPU
		{13EAAB83-452D-47F5-9C49-A208D666B88F}.Release|Any CPU.ActiveCfg = Release|Any CPU
		{13EAAB83-452D-47F5-9C49-A208D666B88F}.Release|Any CPU.Build.0 = Release|Any CPU
	EndGlobalSection
	GlobalSection(SolutionProperties) = preSolution
		HideSolutionNode = FALSE
	EndGlobalSection
	GlobalSection(ExtensibilityGlobals) = postSolution
		SolutionGuid = {5DD2DC28-E0C6-4F03-97DC-63A5B1869399}
	EndGlobalSection
EndGlobal
