
Microsoft Visual Studio Solution File, Format Version 12.00
# Visual Studio Version 17
VisualStudioVersion = 17.6.33815.320
MinimumVisualStudioVersion = 10.0.40219.1
Project("{FAE04EC0-301F-11D3-BF4B-00C04F79EFBC}") = "Slice", "Slice\Slice.csproj", "{034C14F4-3E9E-4060-8F13-1EF222560C57}"
EndProject
Global
	GlobalSection(SolutionConfigurationPlatforms) = preSolution
		Debug|Any CPU = Debug|Any CPU
		Release|Any CPU = Release|Any CPU
	EndGlobalSection
	GlobalSection(ProjectConfigurationPlatforms) = postSolution
		{034C14F4-3E9E-4060-8F13-1EF222560C57}.Debug|Any CPU.ActiveCfg = Debug|Any CPU
		{034C14F4-3E9E-4060-8F13-1EF222560C57}.Debug|Any CPU.Build.0 = Debug|Any CPU
		{034C14F4-3E9E-4060-8F13-1EF222560C57}.Release|Any CPU.ActiveCfg = Release|Any CPU
		{034C14F4-3E9E-4060-8F13-1EF222560C57}.Release|Any CPU.Build.0 = Release|Any CPU
	EndGlobalSection
	GlobalSection(SolutionProperties) = preSolution
		HideSolutionNode = FALSE
	EndGlobalSection
	GlobalSection(ExtensibilityGlobals) = postSolution
		SolutionGuid = {78E5A7E3-DFA7-47FF-9BD6-F0EF16D5088E}
	EndGlobalSection
EndGlobal
