
Microsoft Visual Studio Solution File, Format Version 12.00
# Visual Studio Version 17
VisualStudioVersion = 17.6.33815.320
MinimumVisualStudioVersion = 10.0.40219.1
Project("{FAE04EC0-301F-11D3-BF4B-00C04F79EFBC}") = "Diary", "Diary.csproj", "{BB3A2A6C-FCF5-414B-87DB-422466AAE47B}"
EndProject
Global
	GlobalSection(SolutionConfigurationPlatforms) = preSolution
		Debug|Any CPU = Debug|Any CPU
		Release|Any CPU = Release|Any CPU
	EndGlobalSection
	GlobalSection(ProjectConfigurationPlatforms) = postSolution
		{BB3A2A6C-FCF5-414B-87DB-422466AAE47B}.Debug|Any CPU.ActiveCfg = Debug|Any CPU
		{BB3A2A6C-FCF5-414B-87DB-422466AAE47B}.Debug|Any CPU.Build.0 = Debug|Any CPU
		{BB3A2A6C-FCF5-414B-87DB-422466AAE47B}.Release|Any CPU.ActiveCfg = Release|Any CPU
		{BB3A2A6C-FCF5-414B-87DB-422466AAE47B}.Release|Any CPU.Build.0 = Release|Any CPU
	EndGlobalSection
	GlobalSection(SolutionProperties) = preSolution
		HideSolutionNode = FALSE
	EndGlobalSection
	GlobalSection(ExtensibilityGlobals) = postSolution
		SolutionGuid = {3A6A9F71-2F54-49DD-AB9A-5D175B5F2F1B}
	EndGlobalSection
EndGlobal
