
Microsoft Visual Studio Solution File, Format Version 12.00
# Visual Studio Version 17
VisualStudioVersion = 17.6.33815.320
MinimumVisualStudioVersion = 10.0.40219.1
Project("{FAE04EC0-301F-11D3-BF4B-00C04F79EFBC}") = "Exam_115p_4", "Exam_115p_4\Exam_115p_4.csproj", "{A8F73CDF-EE9C-477D-A43F-14F5CCCDEB6C}"
EndProject
Global
	GlobalSection(SolutionConfigurationPlatforms) = preSolution
		Debug|Any CPU = Debug|Any CPU
		Release|Any CPU = Release|Any CPU
	EndGlobalSection
	GlobalSection(ProjectConfigurationPlatforms) = postSolution
		{A8F73CDF-EE9C-477D-A43F-14F5CCCDEB6C}.Debug|Any CPU.ActiveCfg = Debug|Any CPU
		{A8F73CDF-EE9C-477D-A43F-14F5CCCDEB6C}.Debug|Any CPU.Build.0 = Debug|Any CPU
		{A8F73CDF-EE9C-477D-A43F-14F5CCCDEB6C}.Release|Any CPU.ActiveCfg = Release|Any CPU
		{A8F73CDF-EE9C-477D-A43F-14F5CCCDEB6C}.Release|Any CPU.Build.0 = Release|Any CPU
	EndGlobalSection
	GlobalSection(SolutionProperties) = preSolution
		HideSolutionNode = FALSE
	EndGlobalSection
	GlobalSection(ExtensibilityGlobals) = postSolution
		SolutionGuid = {10EB3E12-C36B-4509-B40F-D2201CA65DE1}
	EndGlobalSection
EndGlobal
