
Microsoft Visual Studio Solution File, Format Version 12.00
# Visual Studio Version 17
VisualStudioVersion = 17.6.33815.320
MinimumVisualStudioVersion = 10.0.40219.1
Project("{FAE04EC0-301F-11D3-BF4B-00C04F79EFBC}") = "BlazorApp03", "BlazorApp03\BlazorApp03.csproj", "{13C1BCAF-3D6B-4990-99A4-CC403B101267}"
EndProject
Global
	GlobalSection(SolutionConfigurationPlatforms) = preSolution
		Debug|Any CPU = Debug|Any CPU
		Release|Any CPU = Release|Any CPU
	EndGlobalSection
	GlobalSection(ProjectConfigurationPlatforms) = postSolution
		{13C1BCAF-3D6B-4990-99A4-CC403B101267}.Debug|Any CPU.ActiveCfg = Debug|Any CPU
		{13C1BCAF-3D6B-4990-99A4-CC403B101267}.Debug|Any CPU.Build.0 = Debug|Any CPU
		{13C1BCAF-3D6B-4990-99A4-CC403B101267}.Release|Any CPU.ActiveCfg = Release|Any CPU
		{13C1BCAF-3D6B-4990-99A4-CC403B101267}.Release|Any CPU.Build.0 = Release|Any CPU
	EndGlobalSection
	GlobalSection(SolutionProperties) = preSolution
		HideSolutionNode = FALSE
	EndGlobalSection
	GlobalSection(ExtensibilityGlobals) = postSolution
		SolutionGuid = {EDFB15C9-5D12-46A2-A6B3-CD503C4AFBA7}
	EndGlobalSection
EndGlobal
