
Microsoft Visual Studio Solution File, Format Version 12.00
# Visual Studio Version 17
VisualStudioVersion = 17.6.33815.320
MinimumVisualStudioVersion = 10.0.40219.1
Project("{FAE04EC0-301F-11D3-BF4B-00C04F79EFBC}") = "625p_18.1.1", "625p_18.1.1\625p_18.1.1.csproj", "{943427EF-1F04-42E9-B26D-661D48792C20}"
EndProject
Global
	GlobalSection(SolutionConfigurationPlatforms) = preSolution
		Debug|Any CPU = Debug|Any CPU
		Release|Any CPU = Release|Any CPU
	EndGlobalSection
	GlobalSection(ProjectConfigurationPlatforms) = postSolution
		{943427EF-1F04-42E9-B26D-661D48792C20}.Debug|Any CPU.ActiveCfg = Debug|Any CPU
		{943427EF-1F04-42E9-B26D-661D48792C20}.Debug|Any CPU.Build.0 = Debug|Any CPU
		{943427EF-1F04-42E9-B26D-661D48792C20}.Release|Any CPU.ActiveCfg = Release|Any CPU
		{943427EF-1F04-42E9-B26D-661D48792C20}.Release|Any CPU.Build.0 = Release|Any CPU
	EndGlobalSection
	GlobalSection(SolutionProperties) = preSolution
		HideSolutionNode = FALSE
	EndGlobalSection
	GlobalSection(ExtensibilityGlobals) = postSolution
		SolutionGuid = {B521D4F6-C509-4593-BFC5-9A83728398A6}
	EndGlobalSection
EndGlobal
